
Microsoft Visual Studio Solution File, Format Version 12.00
# Visual Studio 14
VisualStudioVersion = 14.0.25420.1
MinimumVisualStudioVersion = 10.0.40219.1
Project("{FAE04EC0-301F-11D3-BF4B-00C04F79EFBC}") = "ESH.Log.Parser.UI", "LogParser\ESH.Log.Parser.UI.csproj", "{5193546D-77C0-4620-B171-1E3F05582417}"
EndProject
Project("{FAE04EC0-301F-11D3-BF4B-00C04F79EFBC}") = "ESH.Log.Parser.Engine", "ESH.Log.ParserEngine\ESH.Log.Parser.Engine.csproj", "{3A676B23-6A32-4A6A-B2F9-CB32CCFEE32E}"
EndProject
Project("{FAE04EC0-301F-11D3-BF4B-00C04F79EFBC}") = "ESH.Log.Parser.Resources", "ESH.Log.Parser.Resources\ESH.Log.Parser.Resources.csproj", "{9128B4A7-EFB3-4E4E-B3A4-66C3FE5430DB}"
EndProject
Project("{2150E333-8FDC-42A3-9474-1A3956D46DE8}") = "Tests", "Tests", "{492C8B93-C23E-4464-9EDC-EC67F2D8374A}"
EndProject
Project("{FAE04EC0-301F-11D3-BF4B-00C04F79EFBC}") = "ESH.Log.Parser.Engine.Tests", "Tests\ESH.Log.Parser.Engine.Tests\ESH.Log.Parser.Engine.Tests.csproj", "{C3E20AFE-F277-4E17-B1C1-36E1C66F259F}"
EndProject
Project("{2150E333-8FDC-42A3-9474-1A3956D46DE8}") = "Samples", "Samples", "{CB8CC2A0-255C-4734-9A36-FEDDB286EEAA}"
	ProjectSection(SolutionItems) = preProject
		Samples\Readme.txt = Samples\Readme.txt
	EndProjectSection
EndProject
Global
	GlobalSection(SolutionConfigurationPlatforms) = preSolution
		Debug|Any CPU = Debug|Any CPU
		Release|Any CPU = Release|Any CPU
	EndGlobalSection
	GlobalSection(ProjectConfigurationPlatforms) = postSolution
		{5193546D-77C0-4620-B171-1E3F05582417}.Debug|Any CPU.ActiveCfg = Debug|Any CPU
		{5193546D-77C0-4620-B171-1E3F05582417}.Debug|Any CPU.Build.0 = Debug|Any CPU
		{5193546D-77C0-4620-B171-1E3F05582417}.Release|Any CPU.ActiveCfg = Release|Any CPU
		{5193546D-77C0-4620-B171-1E3F05582417}.Release|Any CPU.Build.0 = Release|Any CPU
		{3A676B23-6A32-4A6A-B2F9-CB32CCFEE32E}.Debug|Any CPU.ActiveCfg = Debug|Any CPU
		{3A676B23-6A32-4A6A-B2F9-CB32CCFEE32E}.Debug|Any CPU.Build.0 = Debug|Any CPU
		{3A676B23-6A32-4A6A-B2F9-CB32CCFEE32E}.Release|Any CPU.ActiveCfg = Release|Any CPU
		{3A676B23-6A32-4A6A-B2F9-CB32CCFEE32E}.Release|Any CPU.Build.0 = Release|Any CPU
		{9128B4A7-EFB3-4E4E-B3A4-66C3FE5430DB}.Debug|Any CPU.ActiveCfg = Debug|Any CPU
		{9128B4A7-EFB3-4E4E-B3A4-66C3FE5430DB}.Debug|Any CPU.Build.0 = Debug|Any CPU
		{9128B4A7-EFB3-4E4E-B3A4-66C3FE5430DB}.Release|Any CPU.ActiveCfg = Release|Any CPU
		{9128B4A7-EFB3-4E4E-B3A4-66C3FE5430DB}.Release|Any CPU.Build.0 = Release|Any CPU
		{C3E20AFE-F277-4E17-B1C1-36E1C66F259F}.Debug|Any CPU.ActiveCfg = Debug|Any CPU
		{C3E20AFE-F277-4E17-B1C1-36E1C66F259F}.Debug|Any CPU.Build.0 = Debug|Any CPU
		{C3E20AFE-F277-4E17-B1C1-36E1C66F259F}.Release|Any CPU.ActiveCfg = Release|Any CPU
		{C3E20AFE-F277-4E17-B1C1-36E1C66F259F}.Release|Any CPU.Build.0 = Release|Any CPU
	EndGlobalSection
	GlobalSection(SolutionProperties) = preSolution
		HideSolutionNode = FALSE
	EndGlobalSection
	GlobalSection(NestedProjects) = preSolution
		{C3E20AFE-F277-4E17-B1C1-36E1C66F259F} = {492C8B93-C23E-4464-9EDC-EC67F2D8374A}
	EndGlobalSection
EndGlobal
